
Microsoft Visual Studio Solution File, Format Version 12.00
# Visual Studio Version 17
VisualStudioVersion = 17.7.34031.279
MinimumVisualStudioVersion = 10.0.40219.1
Project("{FAE04EC0-301F-11D3-BF4B-00C04F79EFBC}") = "Ejercicio1.3", "Ejercicio1.3.csproj", "{B3B29334-58C7-4CFD-9B6D-F8EB1AE8F3A6}"
EndProject
Global
	GlobalSection(SolutionConfigurationPlatforms) = preSolution
		Debug|Any CPU = Debug|Any CPU
		Release|Any CPU = Release|Any CPU
	EndGlobalSection
	GlobalSection(ProjectConfigurationPlatforms) = postSolution
		{B3B29334-58C7-4CFD-9B6D-F8EB1AE8F3A6}.Debug|Any CPU.ActiveCfg = Debug|Any CPU
		{B3B29334-58C7-4CFD-9B6D-F8EB1AE8F3A6}.Debug|Any CPU.Build.0 = Debug|Any CPU
		{B3B29334-58C7-4CFD-9B6D-F8EB1AE8F3A6}.Debug|Any CPU.Deploy.0 = Debug|Any CPU
		{B3B29334-58C7-4CFD-9B6D-F8EB1AE8F3A6}.Release|Any CPU.ActiveCfg = Release|Any CPU
		{B3B29334-58C7-4CFD-9B6D-F8EB1AE8F3A6}.Release|Any CPU.Build.0 = Release|Any CPU
		{B3B29334-58C7-4CFD-9B6D-F8EB1AE8F3A6}.Release|Any CPU.Deploy.0 = Release|Any CPU
	EndGlobalSection
	GlobalSection(SolutionProperties) = preSolution
		HideSolutionNode = FALSE
	EndGlobalSection
	GlobalSection(ExtensibilityGlobals) = postSolution
		SolutionGuid = {1062888C-5A19-4D7F-9D69-3BE09498FA0C}
	EndGlobalSection
EndGlobal
